# This file is automatically @generated by Cargo.
# It is not intended for manual editing.
version = 4

[[package]]
name = "borrow"
version = "0.1.0"

[[package]]
name = "delete_prefix"
version = "0.1.0"

[[package]]
name = "find_factorial"
version = "0.1.0"

[[package]]
name = "generics"
version = "0.1.0"

[[package]]
name = "generics_list"
version = "0.1.0"

[[package]]
name = "lalgebra_scalar"
version = "0.1.0"

[[package]]
name = "lib"
version = "0.1.0"

[[package]]
name = "lifetimes"
version = "0.1.0"
dependencies = [
 "lib",
]

[[package]]
name = "matrix"
version = "0.1.0"
dependencies = [
 "lalgebra_scalar",
]

[[package]]
name = "matrix_mult"
version = "0.1.0"
dependencies = [
 "lalgebra_scalar",
 "lib",
]

[[package]]
name = "matrix_ops"
version = "0.1.0"
dependencies = [
 "lalgebra_scalar",
 "matrix",
]

[[package]]
name = "matrix_transposition"
version = "0.1.0"

[[package]]
name = "piscine-rust"
version = "0.1.0"
dependencies = [
 "borrow",
 "find_factorial",
 "matrix_transposition",
 "scalar",
 "temperature_conv",
]

[[package]]
name = "scalar"
version = "0.1.0"

[[package]]
name = "temperature_conv"
version = "0.1.0"

[[package]]
name = "vehicles"
version = "0.1.0"
