# This file is automatically @generated by Cargo.
# It is not intended for manual editing.
version = 3

[[package]]
name = "borrow"
version = "0.1.0"

[[package]]
name = "doubtful"
version = "0.1.0"

[[package]]
name = "find_factorial"
version = "0.1.0"

[[package]]
name = "matrix_transposition"
version = "0.1.0"

[[package]]
name = "piscine-rust"
version = "0.1.0"
dependencies = [
 "borrow",
 "find_factorial",
 "matrix_transposition",
 "scalar",
 "temperature_conv",
]

[[package]]
name = "scalar"
version = "0.1.0"

[[package]]
name = "string_literals"
version = "0.1.0"

[[package]]
name = "temperature_conv"
version = "0.1.0"

[[package]]
name = "to_url"
version = "0.1.0"
